Microsoft Visual Studio Solution File, Format Version 12.00
# Visual Studio Version 16
VisualStudioVersion = 16.0.30204.135
MinimumVisualStudioVersion = 10.0.40219.1
Project("{FAE04EC0-301F-11D3-BF4B-00C04F79EFBC}") = "Blu-Ray", "Blu-Ray.csproj", "{AE57A89C-8D6E-4F8F-A7DF-FC754DC2B320}"
EndProject
Project("{2150E333-8FDC-42A3-9474-1A3956D46DE8}") = "Metadata", "Metadata", "{A1FD50FD-BA76-44B1-8B21-CD90C6B4858B}"
	ProjectSection(SolutionItems) = preProject
		.gitignore = .gitignore
		config.example.json = config.example.json
		LICENSE = LICENSE
		README.md = README.md
	EndProjectSection
EndProject
Project("{2150E333-8FDC-42A3-9474-1A3956D46DE8}") = "Assets", "Assets", "{92076D40-1105-4A3A-B96F-EE8C0B7516CC}"
	ProjectSection(SolutionItems) = preProject
		Assets\dnd.png = Assets\dnd.png
		Assets\error.png = Assets\error.png
		Assets\idle.png = Assets\idle.png
		Assets\offline.png = Assets\offline.png
		Assets\online.png = Assets\online.png
		Assets\success.png = Assets\success.png
		Assets\warning.png = Assets\warning.png
	EndProjectSection
EndProject
Global
	GlobalSection(SolutionConfigurationPlatforms) = preSolution
		Debug|Any CPU = Debug|Any CPU
		Release|Any CPU = Release|Any CPU
	EndGlobalSection
	GlobalSection(ProjectConfigurationPlatforms) = postSolution
		{AE57A89C-8D6E-4F8F-A7DF-FC754DC2B320}.Debug|Any CPU.ActiveCfg = Debug|Any CPU
		{AE57A89C-8D6E-4F8F-A7DF-FC754DC2B320}.Debug|Any CPU.Build.0 = Debug|Any CPU
		{AE57A89C-8D6E-4F8F-A7DF-FC754DC2B320}.Release|Any CPU.ActiveCfg = Release|Any CPU
		{AE57A89C-8D6E-4F8F-A7DF-FC754DC2B320}.Release|Any CPU.Build.0 = Release|Any CPU
	EndGlobalSection
	GlobalSection(SolutionProperties) = preSolution
		HideSolutionNode = FALSE
	EndGlobalSection
	GlobalSection(ExtensibilityGlobals) = postSolution
		SolutionGuid = {B3978EA3-FD27-42DC-9955-E634E5397C6D}
	EndGlobalSection
EndGlobal
